PODS:
  - AFNetworking (3.0.4):
    - AFNetworking/NSURLSession (= 3.0.4)
    - AFNetworking/Reachability (= 3.0.4)
    - AFNetworking/Security (= 3.0.4)
    - AFNetworking/Serialization (= 3.0.4)
    - AFNetworking/UIKit (= 3.0.4)
  - AFNetworking/NSURLSession (3.0.4):
    - AFNetworking/Reachability
    - AFNetworking/Security
    - AFNetworking/Serialization
  - AFNetworking/Reachability (3.0.4)
  - AFNetworking/Security (3.0.4)
  - AFNetworking/Serialization (3.0.4)
  - AFNetworking/UIKit (3.0.4):
    - AFNetworking/NSURLSession
  - CocoaAsyncSocket (7.6.5)
  - dsBridge (3.0.203)
  - Firebase/Core (8.10.0):
    - Firebase/CoreOnly
    - FirebaseAnalytics (~> 8.10.0)
  - Firebase/CoreOnly (8.10.0):
    - FirebaseCore (= 8.10.0)
  - Firebase/Messaging (8.10.0):
    - Firebase/CoreOnly
    - FirebaseMessaging (~> 8.10.0)
  - FirebaseAnalytics (8.10.0):
    - FirebaseAnalytics/AdIdSupport (= 8.10.0)
    - FirebaseCore (~> 8.0)
    - FirebaseInstallations (~> 8.0)
    - GoogleUtilities/AppDelegateSwizzler (~> 7.6)
    - GoogleUtilities/MethodSwizzler (~> 7.6)
    - GoogleUtilities/Network (~> 7.6)
    - "GoogleUtilities/NSData+zlib (~> 7.6)"
    - nanopb (~> 2.30908.0)
  - FirebaseAnalytics/AdIdSupport (8.10.0):
    - FirebaseCore (~> 8.0)
    - FirebaseInstallations (~> 8.0)
    - GoogleAppMeasurement (= 8.10.0)
    - GoogleUtilities/AppDelegateSwizzler (~> 7.6)
    - GoogleUtilities/MethodSwizzler (~> 7.6)
    - GoogleUtilities/Network (~> 7.6)
    - "GoogleUtilities/NSData+zlib (~> 7.6)"
    - nanopb (~> 2.30908.0)
  - FirebaseCore (8.10.0):
    - FirebaseCoreDiagnostics (~> 8.0)
    - GoogleUtilities/Environment (~> 7.6)
    - GoogleUtilities/Logger (~> 7.6)
  - FirebaseCoreDiagnostics (8.10.0):
    - GoogleDataTransport (~> 9.1)
    - GoogleUtilities/Environment (~> 7.6)
    - GoogleUtilities/Logger (~> 7.6)
    - nanopb (~> 2.30908.0)
  - FirebaseInstallations (8.10.0):
    - FirebaseCore (~> 8.0)
    - GoogleUtilities/Environment (~> 7.6)
    - GoogleUtilities/UserDefaults (~> 7.6)
    - PromisesObjC (< 3.0, >= 1.2)
  - FirebaseMessaging (8.10.0):
    - FirebaseCore (~> 8.0)
    - FirebaseInstallations (~> 8.0)
    - GoogleDataTransport (~> 9.1)
    - GoogleUtilities/AppDelegateSwizzler (~> 7.6)
    - GoogleUtilities/Environment (~> 7.6)
    - GoogleUtilities/Reachability (~> 7.6)
    - GoogleUtilities/UserDefaults (~> 7.6)
    - nanopb (~> 2.30908.0)
  - GoogleAppMeasurement (8.10.0):
    - GoogleAppMeasurement/AdIdSupport (= 8.10.0)
    - GoogleUtilities/AppDelegateSwizzler (~> 7.6)
    - GoogleUtilities/MethodSwizzler (~> 7.6)
    - GoogleUtilities/Network (~> 7.6)
    - "GoogleUtilities/NSData+zlib (~> 7.6)"
    - nanopb (~> 2.30908.0)
  - GoogleAppMeasurement/AdIdSupport (8.10.0):
    - GoogleAppMeasurement/WithoutAdIdSupport (= 8.10.0)
    - GoogleUtilities/AppDelegateSwizzler (~> 7.6)
    - GoogleUtilities/MethodSwizzler (~> 7.6)
    - GoogleUtilities/Network (~> 7.6)
    - "GoogleUtilities/NSData+zlib (~> 7.6)"
    - nanopb (~> 2.30908.0)
  - GoogleAppMeasurement/WithoutAdIdSupport (8.10.0):
    - GoogleUtilities/AppDelegateSwizzler (~> 7.6)
    - GoogleUtilities/MethodSwizzler (~> 7.6)
    - GoogleUtilities/Network (~> 7.6)
    - "GoogleUtilities/NSData+zlib (~> 7.6)"
    - nanopb (~> 2.30908.0)
  - GoogleDataTransport (9.1.2):
    - GoogleUtilities/Environment (~> 7.2)
    - nanopb (~> 2.30908.0)
    - PromisesObjC (< 3.0, >= 1.2)
  - GoogleUtilities/AppDelegateSwizzler (7.7.0):
    - GoogleUtilities/Environment
    - GoogleUtilities/Logger
    - GoogleUtilities/Network
  - GoogleUtilities/Environment (7.7.0):
    - PromisesObjC (< 3.0, >= 1.2)
  - GoogleUtilities/Logger (7.7.0):
    - GoogleUtilities/Environment
  - GoogleUtilities/MethodSwizzler (7.7.0):
    - GoogleUtilities/Logger
  - GoogleUtilities/Network (7.7.0):
    - GoogleUtilities/Logger
    - "GoogleUtilities/NSData+zlib"
    - GoogleUtilities/Reachability
  - "GoogleUtilities/NSData+zlib (7.7.0)"
  - GoogleUtilities/Reachability (7.7.0):
    - GoogleUtilities/Logger
  - GoogleUtilities/UserDefaults (7.7.0):
    - GoogleUtilities/Logger
  - IQKeyboardManager (6.5.6)
  - lottie-ios (2.5.3)
  - LSTPopView (0.3.10):
    - LSTPopView/Code (= 0.3.10)
    - LSTTimer
  - LSTPopView/Code (0.3.10):
    - LSTTimer
  - LSTTimer (0.2.10)
  - Masonry (1.1.0)
  - MBProgressHUD (1.2.0)
  - MJExtension (3.3.0)
  - MJRefresh (3.7.2)
  - MMKV (1.2.10):
    - MMKVCore (~> 1.2.10)
  - MMKVCore (1.2.10)
  - nanopb (2.30908.0):
    - nanopb/decode (= 2.30908.0)
    - nanopb/encode (= 2.30908.0)
  - nanopb/decode (2.30908.0)
  - nanopb/encode (2.30908.0)
  - PGDatePicker (2.6.9):
    - PGPickerView
  - PGPickerView (1.3.8)
  - PromisesObjC (2.0.0)
  - Reachability (3.2)
  - SDWebImage (4.1.0):
    - SDWebImage/Core (= 4.1.0)
  - SDWebImage/Core (4.1.0)
  - Stripe (21.7.0):
    - Stripe/Stripe3DS2 (= 21.7.0)
    - StripeCore (= 21.7.0)
  - Stripe/Stripe3DS2 (21.7.0):
    - StripeCore (= 21.7.0)
  - StripeCore (21.7.0)
  - SVProgressHUD (2.1)
  - TuyaCameraSDK (3.26.0)
  - TuyaCameraUIKit (3.21.0)
  - TuyaSecurityBaseKit (3.4.3):
    - TuyaSmartCameraKit
    - TuyaSmartHomeKit
  - TuyaSmartActivatorCoreKit (3.28.5):
    - TuyaSmartDeviceCoreKit
  - TuyaSmartActivatorKit (3.32.5):
    - TuyaSmartActivatorCoreKit
    - TuyaSmartDeviceKit
  - TuyaSmartBaseKit (3.28.5):
    - TuyaSmartUtil
    - YYModel
  - TuyaSmartBizCore (3.27.5.2):
    - TuyaSmartBaseKit
    - TYFoundationKit
    - TYModuleManager
    - TYModuleServices
    - TYOEMConfig
    - TYSmartBusinessLibrary
    - TYThemeModule
  - TuyaSmartBLEKit (3.29.5):
    - TuyaSmartBaseKit
    - TuyaSmartDeviceCoreKit
    - TYBluetooth (< 10.0)
  - TuyaSmartBLEMeshKit (3.29.5):
    - TuyaSmartActivatorCoreKit
    - TuyaSmartBaseKit
    - TuyaSmartBLEKit
    - TuyaSmartDeviceCoreKit (>= 3.20.0)
    - TYBluetooth (< 10.0)
  - TuyaSmartCameraBase (4.27.5)
  - TuyaSmartCameraKit (4.27.6):
    - TuyaSmartBaseKit
    - TuyaSmartCameraBase
    - TuyaSmartCameraM
    - TuyaSmartDeviceCoreKit
    - TYEncryptImage
  - TuyaSmartCameraM (4.27.5):
    - TuyaCameraSDK
    - TuyaSmartBaseKit
    - TuyaSmartCameraBase
    - TuyaSmartDeviceCoreKit
    - TuyaSmartP2pChannelKit
  - TuyaSmartCloudServiceBizBundle (3.27.5.5):
    - dsBridge
    - lottie-ios
    - Masonry
    - MJRefresh
    - MMKV
    - Reachability
    - TuyaSmartBaseKit
    - TuyaSmartBizCore
    - TuyaSmartDeviceKit
    - TuyaSmartUtil
    - TYAlertView (= 1.0.5.4-activatorUIBugfix-1-rc.2)
    - TYAvatarEditKit (= 0.1.5-rc.1)
    - TYBaseDebugger (= 1.1.0)
    - TYBlockKit (= 0.0.4)
    - TYCameraCloudServiceModule (= 3.18.1)
    - TYConfigHub (= 1.0.8.3)
    - TYDomainQueryModule
    - TYEncryptImage
    - TYFoundationKit
    - TYHybridContainer (= 1.3.8-tybizbundle.3.27.5-1)
    - TYKVStorageLibrary (= 0.5.1)
    - TYLogMacro (= 0.1.0)
    - TYModuleManager (= 2.10.3)
    - TYModuleServices (= 2.22.0-tybizbundle.3.27.5-rc.4.3)
    - TYNavigationController
    - TYOEMConfig (= 1.23.3-tybizbundle.3.27.5-1-rc.1)
    - TYPhotoBrowser (= 1.1.2)
    - TYPopupViewController (= 0.2.1-rc.6)
    - TYProgressHUD (= 0.1.4-patch.2)
    - TYSmartActionDialog (= 0.3.9.2-patch.1)
    - TYSmartBusinessLibrary (= 3.23.5.4-tybizbundle)
    - TYSmartEventPredefined (= 1.2.84)
    - TYThemeModule (= 0.6.0)
    - TYUIKit
    - TYUrlPredefined (= 0.2.102)
    - TYUrlPredefinedExternal (= 0.2.50)
    - TYVideoPlayer (= 2.0.4-tybizbundle-3.27.5-rc.1)
    - YYModel
  - TuyaSmartDefaultPanelKit (1.0.0):
    - TuyaSmartDeviceKit
  - TuyaSmartDeviceCoreKit (3.29.6):
    - TuyaSmartBaseKit
    - TuyaSmartMQTTChannelKit
    - TuyaSmartSocketChannelKit
  - TuyaSmartDeviceKit (3.29.6):
    - TuyaSmartBaseKit
    - TuyaSmartDeviceCoreKit (>= 3.21.0)
  - TuyaSmartFeedbackKit (3.33.5):
    - TuyaSmartBaseKit
  - TuyaSmartHomeKit (3.28.5):
    - TuyaSmartActivatorCoreKit (>= 3.28.5)
    - TuyaSmartActivatorKit (>= 3.26.5)
    - TuyaSmartBaseKit (>= 3.28.5)
    - TuyaSmartBLEKit (>= 3.28.5)
    - TuyaSmartBLEMeshKit (>= 3.28.5)
    - TuyaSmartDefaultPanelKit
    - TuyaSmartDeviceCoreKit (>= 3.28.5)
    - TuyaSmartDeviceKit (>= 3.28.5)
    - TuyaSmartFeedbackKit (>= 3.26.5)
    - TuyaSmartMessageKit (>= 3.26.5)
    - TuyaSmartMQTTChannelKit (>= 3.26.5)
    - TuyaSmartSceneKit (>= 3.28.5)
    - TuyaSmartSocketChannelKit (>= 3.27.0)
    - TuyaSmartTimerKit (>= 3.26.5)
    - TYBluetooth (>= 3.27.5)
  - TuyaSmartMessageKit (3.33.5):
    - TuyaSmartBaseKit
  - TuyaSmartMQTTChannelKit (3.29.0):
    - TuyaSmartBaseKit
    - TuyaSmartQUIC
  - TuyaSmartP2pChannelKit (0.1.1):
    - TuyaCameraSDK (~> 3.26.0)
    - TuyaSmartDeviceCoreKit
  - TuyaSmartQUIC (1.2.0)
  - TuyaSmartSceneCoreKit (3.33.9):
    - TuyaSmartBaseKit
    - TuyaSmartDeviceCoreKit
  - TuyaSmartSceneKit (3.33.6):
    - TuyaSmartBaseKit
    - TuyaSmartDeviceKit
    - TuyaSmartSceneCoreKit
  - TuyaSmartSocketChannelKit (3.27.1):
    - CocoaAsyncSocket (>= 7.4.3)
    - TuyaSmartBaseKit
  - TuyaSmartTimerKit (3.33.0):
    - TuyaSmartBaseKit
    - TuyaSmartDeviceCoreKit
  - TuyaSmartUtil (3.26.6)
  - TYAlertView (1.0.5.4-activatorUIBugfix-1-rc.2):
    - Masonry
    - TYFoundationKit
    - TYOEMConfig
    - TYUIKit
  - TYAvatarEditKit (0.1.5-rc.1):
    - Masonry
    - TYFoundationKit
    - TYUIKit
  - TYBaseDebugger (1.1.0):
    - Masonry
    - TYOEMConfig
    - TYUIKit
  - TYBlockKit (0.0.4)
  - TYBluetooth (3.29.5)
  - TYCameraCloudServiceModule (3.18.1):
    - TuyaSmartDeviceKit
    - TYHybridContainer
    - TYModuleManager
    - TYModuleServices
  - TYConfigHub (1.0.8.3):
    - TuyaSmartBaseKit
    - TuyaSmartUtil
    - TYBlockKit
    - TYFoundationKit
    - TYModuleManager
    - TYModuleServices
    - TYSmartEventPredefined
    - YYModel
  - TYDomainQueryModule (0.2.0):
    - TuyaSmartBaseKit
    - TYFoundationKit
    - TYKVStorageLibrary
    - TYModuleManager
    - TYModuleServices
    - TYSmartBusinessLibrary
  - TYEncryptImage (4.23.5.3)
  - TYFoundationKit (1.15.1):
    - Reachability
  - TYHybridContainer (1.3.8-tybizbundle.3.27.5-1):
    - dsBridge (~> 3.0.202)
    - TYBaseDebugger
    - TYConfigHub
    - TYEncryptImage
    - TYKVStorageLibrary
    - TYModuleManager
    - TYModuleServices
    - TYNavigationController
    - TYPhotoBrowser
    - TYSmartBusinessLibrary
    - TYUIKit
    - TYUrlPredefined
    - TYVideoPlayer
  - TYKVStorageLibrary (0.5.1):
    - MMKV
    - TuyaSmartBaseKit
  - TYLogMacro (0.1.0)
  - TYModuleManager (2.10.3)
  - TYModuleServices (2.22.0-tybizbundle.3.27.5-rc.4.3)
  - TYNavigationController (1.13.4):
    - TYUIKit
  - TYOEMConfig (1.23.3-tybizbundle.3.27.5-1-rc.1):
    - TuyaSmartBaseKit
    - TYFoundationKit
    - YYModel
  - TYPhotoBrowser (1.1.2):
    - TYEncryptImage
    - TYUIKit
  - TYPopupViewController (0.2.1-rc.6):
    - TYOEMConfig
  - TYProgressHUD (0.1.4-patch.2):
    - Masonry
    - TYFoundationKit
    - TYOEMConfig
    - TYUIKit
  - TYSmartActionDialog (0.3.9.2-patch.1):
    - Masonry
    - TYFoundationKit
    - TYLogMacro
    - TYUIKit
  - TYSmartBusinessLibrary (3.23.5.4-tybizbundle):
    - lottie-ios (~> 2.0)
    - Masonry
    - MJRefresh
    - Reachability
    - TuyaSmartBaseKit
    - TYAlertView
    - TYAvatarEditKit
    - TYBlockKit
    - TYFoundationKit
    - TYKVStorageLibrary
    - TYLogMacro
    - TYNavigationController
    - TYOEMConfig
    - TYPopupViewController
    - TYProgressHUD
    - TYSmartActionDialog
    - TYUIKit
  - TYSmartEventPredefined (1.2.84)
  - TYThemeModule (0.6.0):
    - TYModuleManager
    - TYModuleServices
    - TYNavigationController
    - TYOEMConfig
    - TYUIKit
  - TYUIKit (1.15.4):
    - Masonry
    - TYLogMacro
    - TYOEMConfig
  - TYUrlPredefined (0.2.102):
    - TYUrlPredefinedExternal
  - TYUrlPredefinedExternal (0.2.50)
  - TYVideoPlayer (2.0.4-tybizbundle-3.27.5-rc.1):
    - Masonry
    - TYFoundationKit
    - TYSmartBusinessLibrary
  - YYModel (1.0.4)
  - ZXingObjC (3.6.5):
    - ZXingObjC/All (= 3.6.5)
  - ZXingObjC/All (3.6.5)

DEPENDENCIES:
  - AFNetworking (~> 3.0.0)
  - Firebase/Core
  - Firebase/Messaging
  - IQKeyboardManager
  - LSTPopView
  - MBProgressHUD
  - MJExtension
  - PGDatePicker
  - SDWebImage (= 4.1)
  - Stripe (~> 21.7.0)
  - SVProgressHUD (= 2.1.0)
  - TuyaCameraUIKit
  - TuyaSecurityBaseKit
  - TuyaSmartCameraKit
  - TuyaSmartCloudServiceBizBundle
  - TuyaSmartDefaultPanelKit
  - ZXingObjC (~> 3.6.4)

SPEC REPOS:
  https://github.com/CocoaPods/Specs.git:
    - AFNetworking
    - CocoaAsyncSocket
    - Firebase
    - FirebaseAnalytics
    - FirebaseCore
    - FirebaseCoreDiagnostics
    - FirebaseInstallations
    - FirebaseMessaging
    - GoogleAppMeasurement
    - GoogleDataTransport
    - GoogleUtilities
    - IQKeyboardManager
    - lottie-ios
    - LSTPopView
    - LSTTimer
    - Masonry
    - MBProgressHUD
    - MJExtension
    - MJRefresh
    - MMKV
    - MMKVCore
    - nanopb
    - PGDatePicker
    - PGPickerView
    - PromisesObjC
    - Reachability
    - SDWebImage
    - Stripe
    - StripeCore
    - SVProgressHUD
    - TuyaCameraSDK
    - TuyaCameraUIKit
    - TuyaSecurityBaseKit
    - TuyaSmartActivatorCoreKit
    - TuyaSmartActivatorKit
    - TuyaSmartBaseKit
    - TuyaSmartBLEKit
    - TuyaSmartBLEMeshKit
    - TuyaSmartCameraBase
    - TuyaSmartCameraKit
    - TuyaSmartCameraM
    - TuyaSmartDefaultPanelKit
    - TuyaSmartDeviceCoreKit
    - TuyaSmartDeviceKit
    - TuyaSmartFeedbackKit
    - TuyaSmartHomeKit
    - TuyaSmartMessageKit
    - TuyaSmartMQTTChannelKit
    - TuyaSmartP2pChannelKit
    - TuyaSmartQUIC
    - TuyaSmartSceneCoreKit
    - TuyaSmartSceneKit
    - TuyaSmartSocketChannelKit
    - TuyaSmartTimerKit
    - TuyaSmartUtil
    - TYBluetooth
    - TYEncryptImage
    - YYModel
    - ZXingObjC
  https://github.com/TuyaInc/TuyaPublicSpecs.git:
    - dsBridge
    - TuyaSmartBizCore
    - TuyaSmartCloudServiceBizBundle
    - TYAlertView
    - TYAvatarEditKit
    - TYBaseDebugger
    - TYBlockKit
    - TYCameraCloudServiceModule
    - TYConfigHub
    - TYDomainQueryModule
    - TYFoundationKit
    - TYHybridContainer
    - TYKVStorageLibrary
    - TYLogMacro
    - TYModuleManager
    - TYModuleServices
    - TYNavigationController
    - TYOEMConfig
    - TYPhotoBrowser
    - TYPopupViewController
    - TYProgressHUD
    - TYSmartActionDialog
    - TYSmartBusinessLibrary
    - TYSmartEventPredefined
    - TYThemeModule
    - TYUIKit
    - TYUrlPredefined
    - TYUrlPredefinedExternal
    - TYVideoPlayer

SPEC CHECKSUMS:
  AFNetworking: a0075feb321559dc78d9d85b55d11caa19eabb93
  CocoaAsyncSocket: 065fd1e645c7abab64f7a6a2007a48038fdc6a99
  dsBridge: f7698ec8790017bec8be7764b17fbdbc90c3c4bb
  Firebase: 44213362f1dcc52555b935dc925ed35ac55f1b20
  FirebaseAnalytics: 319c9b3b1bdd400d60e2f415dff0c5f6959e6760
  FirebaseCore: 04186597c095da37d90ff9fd3e53bc61a1ff2440
  FirebaseCoreDiagnostics: 56fb7216d87e0e6ec2feddefa9d8a392fe8b2c18
  FirebaseInstallations: 830327b45345ffc859eaa9c17bcd5ae893fd5425
  FirebaseMessaging: b0aeba17332ee1ee610662b4d1e02a86db82f08f
  GoogleAppMeasurement: a3311dbcf3ea651e5a070fe8559b57c174ada081
  GoogleDataTransport: 629c20a4d363167143f30ea78320d5a7eb8bd940
  GoogleUtilities: e0913149f6b0625b553d70dae12b49fc62914fd1
  IQKeyboardManager: 2a6e97afdafc7becf0cb17a9a8d795e3a980717f
  lottie-ios: a50d5c0160425cd4b01b852bb9578963e6d92d31
  LSTPopView: 9379f00f6ce7d1fc620b50ab00ed3ef97b2d4d52
  LSTTimer: caf8f02ff366ca175cf4c1778d26c166183c1b6f
  Masonry: 678fab65091a9290e40e2832a55e7ab731aad201
  MBProgressHUD: 3ee5efcc380f6a79a7cc9b363dd669c5e1ae7406
  MJExtension: 01704cca2b60a214c10761b6491eab74069d68a9
  MJRefresh: 30997d30b347c8e9508a4db11e3a690da0c9b85a
  MMKV: 76033b9ace2006623308910a3afcc0e25eba3140
  MMKVCore: b00e7a09ec77a1b916aef336eedd3b99ec249978
  nanopb: a0ba3315591a9ae0a16a309ee504766e90db0c96
  PGDatePicker: 88960f3760edac96219c10320f25536ad31d0f44
  PGPickerView: 037acfb132a4c8054fb43aaa59a5ff50c7f747f5
  PromisesObjC: 68159ce6952d93e17b2dfe273b8c40907db5ba58
  Reachability: 33e18b67625424e47b6cde6d202dce689ad7af96
  SDWebImage: 0e435c14e402a6730315a0fb79f95e68654d55a4
  Stripe: 90596971ef49bade169f68bc59369a796b30a045
  StripeCore: c09b492efc3b269a6ff875ad738ca366db97e03b
  SVProgressHUD: 76eacbf6f547ee13b3b25e2fb42b52d4cad76112
  TuyaCameraSDK: 57b87e1fa983380a93b9f7c40900a8a3444f9af9
  TuyaCameraUIKit: 9cd35fcd081dfca5d6c89ff2784a133f969a08f7
  TuyaSecurityBaseKit: 17c9e1241d5bc3db67c73b8f54cb913a5f077420
  TuyaSmartActivatorCoreKit: e1f067ad69775dccf0b34bff91624d1691490513
  TuyaSmartActivatorKit: cd697fc10965589743a88c6117e804306b03e140
  TuyaSmartBaseKit: a4dd94caabe98738fbc1bf2762a917e597189ec8
  TuyaSmartBizCore: e7e1f158c297b41895c19ed323f0db0b4a6bde0d
  TuyaSmartBLEKit: 76b8503cd2e24ebbe68dd308f6e0c5e0c2c86a59
  TuyaSmartBLEMeshKit: 628e942950f23a53e16ca44000daa850f6bb4e66
  TuyaSmartCameraBase: c80937e5f9beae50c0adea5d82ca15c2d67fc403
  TuyaSmartCameraKit: 4e5cd5614cee7f5bac24ec76be12c762d216022f
  TuyaSmartCameraM: df2b87b3e1f8d48c70e81ece3f854d8b48ae6f20
  TuyaSmartCloudServiceBizBundle: 7fd0b939950d842f6802e56dc8e1540b63c5a78e
  TuyaSmartDefaultPanelKit: afb7cc9014304281c7de48548f06d03a61a27f07
  TuyaSmartDeviceCoreKit: 03096c89fb7f83ac326d336a54614deb4bbf1165
  TuyaSmartDeviceKit: cdc2a53c8152ef98f5d5b36308df7c229cab34a1
  TuyaSmartFeedbackKit: eb12d0767b9f09c6f765fbffa6e06e7f89ce9a90
  TuyaSmartHomeKit: 6a2fae35badcddc153ceb7d5c75ce2e8290c4182
  TuyaSmartMessageKit: 21383406bc813526731505cef2a8968039b0c28c
  TuyaSmartMQTTChannelKit: ae3c1d821fbc5a1a75541302ff56fd06e5ed8877
  TuyaSmartP2pChannelKit: 7cad8c0446844320084586734f0eb6600101c33c
  TuyaSmartQUIC: fc6d0cc6123734c8268f8c1354697203c8b16a82
  TuyaSmartSceneCoreKit: 6008573b03b1bc46580f141dd23b898bd84f66c8
  TuyaSmartSceneKit: 1f9cecad018120047200e4c6d81b5732c2690785
  TuyaSmartSocketChannelKit: 32cea8e1bc03432ad244d13199e90ecba175aeb4
  TuyaSmartTimerKit: f3bd2c93136edca6d59855c959127992627657fc
  TuyaSmartUtil: f43d2102d6bc5888aac9aefa9e1fb6f16e1ba852
  TYAlertView: 66ec1c69457e601267c9795fa45346f3306d89fb
  TYAvatarEditKit: b1b62d03d4e7650b7a6c5ab72b249113c2401287
  TYBaseDebugger: 5657011ea61fc3b0c68e34b437e2e60c49e81904
  TYBlockKit: 74068939d7ce21d0d921937bd45ca490d212535c
  TYBluetooth: 4b78b2cae6cfa4f86633e79bad030e21450ce642
  TYCameraCloudServiceModule: 5dddbe1b4d5931d2c0d1abd45c3f5d8b71744fbc
  TYConfigHub: cadf514086d480088912b566b4df6fd2140330f7
  TYDomainQueryModule: cf12ac25847b258da497c77fabfb673ec580ff09
  TYEncryptImage: f1befac2caed0c0b0ae67fa6ee66932eb678985b
  TYFoundationKit: 86e2d49e9407a76ea18e9686dc2dc84f77c0c085
  TYHybridContainer: 5bcf0ce3eabef6cb8f541ac0263d7785df9a7ee8
  TYKVStorageLibrary: 60e7228fdf0a5571ab21d1c123b89e1c76345444
  TYLogMacro: ab4e48b7098c1b7bc263332d8357befbf39f47a2
  TYModuleManager: d190e1fce6a3ca49d419a9cf73a9e2a78e6c022c
  TYModuleServices: 4e6a5f2305d8401be7223cee8eaa54917a3723a8
  TYNavigationController: 17a35b6f93826de728adb49d85961797048d8683
  TYOEMConfig: d8f8e333f943254ceddd286433370e1cd75eed91
  TYPhotoBrowser: b9a10c99d302793c48ce1b9de6e68e2c1ca41d55
  TYPopupViewController: 1bc8ad948a395e813d7a6117d60ebc748c9ee7af
  TYProgressHUD: 88a9b509481f83eafc66a008c15732d498b804a4
  TYSmartActionDialog: e9ee310b26be07c0038e1234d1c296765fe93722
  TYSmartBusinessLibrary: 709bd24ca76f5ac366ff518acc05aed2dafce248
  TYSmartEventPredefined: 7dc60b9de37e8f7fbf18fe57f4d4286d996626cd
  TYThemeModule: 88cb64836bd1f6fe9e10a2e74625c71548abcb2c
  TYUIKit: 2eb76feb7c95545aab13121a86927595e448e568
  TYUrlPredefined: ae22272245947cf0f7fa2f99f9ae220b7befdfda
  TYUrlPredefinedExternal: c8d2201a5324dee23f5c27cc42b40dfa8c9119ef
  TYVideoPlayer: 0dfc8b3488d049d568fe6ccb073728165be372a0
  YYModel: 2a7fdd96aaa4b86a824e26d0c517de8928c04b30
  ZXingObjC: fdbb269f25dd2032da343e06f10224d62f537bdb

PODFILE CHECKSUM: da9569fd206972553b1036d5e6f558beb3119123

COCOAPODS: 1.11.2
